
Microsoft Visual Studio Solution File, Format Version 12.00
# Visual Studio Version 16
VisualStudioVersion = 16.0.32106.194
MinimumVisualStudioVersion = 10.0.40219.1
Project("{FAE04EC0-301F-11D3-BF4B-00C04F79EFBC}") = "OpenGLBase", "OpenGLBase\OpenGLBase.csproj", "{251EAC5E-01E7-43AA-94D2-E16B4B129813}"
EndProject
Global
	GlobalSection(SolutionConfigurationPlatforms) = preSolution
		Debug|Any CPU = Debug|Any CPU
		Release|Any CPU = Release|Any CPU
	EndGlobalSection
	GlobalSection(ProjectConfigurationPlatforms) = postSolution
		{251EAC5E-01E7-43AA-94D2-E16B4B129813}.Debug|Any CPU.ActiveCfg = Debug|Any CPU
		{251EAC5E-01E7-43AA-94D2-E16B4B129813}.Debug|Any CPU.Build.0 = Debug|Any CPU
		{251EAC5E-01E7-43AA-94D2-E16B4B129813}.Release|Any CPU.ActiveCfg = Release|Any CPU
		{251EAC5E-01E7-43AA-94D2-E16B4B129813}.Release|Any CPU.Build.0 = Release|Any CPU
	EndGlobalSection
	GlobalSection(SolutionProperties) = preSolution
		HideSolutionNode = FALSE
	EndGlobalSection
	GlobalSection(ExtensibilityGlobals) = postSolution
		SolutionGuid = {2B0BEEC3-9A24-415F-9D09-422E0A77994D}
	EndGlobalSection
EndGlobal
